// !$*UTF8*$!
{
	archiveVersion = 1;
	classes = {
	};
	objectVersion = 50;
	objects = {

/* Begin PBXBuildFile section */
		9606D4C221177C4500876AA8 /* NSFetchedResultsControllerDelegateExtension.swift in Sources */ = {isa = PBXBuildFile; fileRef = 9606D4C121177C4500876AA8 /* NSFetchedResultsControllerDelegateExtension.swift */; };
		9606D4C62118F5E600876AA8 /* StringExtension.swift in Sources */ = {isa = PBXBuildFile; fileRef = 9606D4C52118F5E600876AA8 /* StringExtension.swift */; };
		9619543A211BB27D00BC8A3F /* ResearchKit.framework in Frameworks */ = {isa = PBXBuildFile; fileRef = 96195437211BB25D00BC8A3F /* ResearchKit.framework */; };
		9619543B211BB27D00BC8A3F /* ResearchKit.framework in Embed Frameworks */ = {isa = PBXBuildFile; fileRef = 96195437211BB25D00BC8A3F /* ResearchKit.framework */; settings = {ATTRIBUTES = (CodeSignOnCopy, RemoveHeadersOnCopy, ); }; };
		9619543F211BB38100BC8A3F /* GoogleMobileAds.framework in Frameworks */ = {isa = PBXBuildFile; fileRef = 9619543E211BB38100BC8A3F /* GoogleMobileAds.framework */; };
		96195443211CC82600BC8A3F /* GADBannerViewExtension.swift in Sources */ = {isa = PBXBuildFile; fileRef = 96195442211CC82600BC8A3F /* GADBannerViewExtension.swift */; };
		963BB55C211BA26500F11B07 /* AdMobInformation.swift in Sources */ = {isa = PBXBuildFile; fileRef = 963BB55B211BA26500F11B07 /* AdMobInformation.swift */; };
		96784960211774DC00467633 /* OccurrenceTableViewController.swift in Sources */ = {isa = PBXBuildFile; fileRef = 96784951211774DC00467633 /* OccurrenceTableViewController.swift */; };
		96784961211774DC00467633 /* NewOccurrenceNameViewController.swift in Sources */ = {isa = PBXBuildFile; fileRef = 96784953211774DC00467633 /* NewOccurrenceNameViewController.swift */; };
		96784962211774DC00467633 /* TrackedDataTableViewController.swift in Sources */ = {isa = PBXBuildFile; fileRef = 96784954211774DC00467633 /* TrackedDataTableViewController.swift */; };
		96784963211774DC00467633 /* NewOccurrenceViewController.swift in Sources */ = {isa = PBXBuildFile; fileRef = 96784955211774DC00467633 /* NewOccurrenceViewController.swift */; };
		96784964211774DC00467633 /* FinishNewOccurrenceViewController.swift in Sources */ = {isa = PBXBuildFile; fileRef = 96784956211774DC00467633 /* FinishNewOccurrenceViewController.swift */; };
		96784966211774DC00467633 /* NewOccurrenceLocationViewController.swift in Sources */ = {isa = PBXBuildFile; fileRef = 96784958211774DC00467633 /* NewOccurrenceLocationViewController.swift */; };
		96784967211774DC00467633 /* NewOccurrencePageViewController.swift in Sources */ = {isa = PBXBuildFile; fileRef = 96784959211774DC00467633 /* NewOccurrencePageViewController.swift */; };
		96784968211774DC00467633 /* LogOccurrenceEntryTableViewController.swift in Sources */ = {isa = PBXBuildFile; fileRef = 9678495A211774DC00467633 /* LogOccurrenceEntryTableViewController.swift */; };
		96784969211774DC00467633 /* DetailedOccurrenceViewController.swift in Sources */ = {isa = PBXBuildFile; fileRef = 9678495C211774DC00467633 /* DetailedOccurrenceViewController.swift */; };
		9678496A211774DC00467633 /* DetailedOccurrenceChartViewController.swift in Sources */ = {isa = PBXBuildFile; fileRef = 9678495D211774DC00467633 /* DetailedOccurrenceChartViewController.swift */; };
		9678496B211774DC00467633 /* AllDataTableViewController.swift in Sources */ = {isa = PBXBuildFile; fileRef = 9678495E211774DC00467633 /* AllDataTableViewController.swift */; };
		9678496C211774DC00467633 /* DetailedOccurrenceEntryTableViewController.swift in Sources */ = {isa = PBXBuildFile; fileRef = 9678495F211774DC00467633 /* DetailedOccurrenceEntryTableViewController.swift */; };
		96784971211774EC00467633 /* AppDelegate.swift in Sources */ = {isa = PBXBuildFile; fileRef = 9678496E211774EC00467633 /* AppDelegate.swift */; };
		96784972211774EC00467633 /* MyProtocols.swift in Sources */ = {isa = PBXBuildFile; fileRef = 9678496F211774EC00467633 /* MyProtocols.swift */; };
		96784973211774EC00467633 /* DateExtension.swift in Sources */ = {isa = PBXBuildFile; fileRef = 96784970211774EC00467633 /* DateExtension.swift */; };
		9678497C211774FA00467633 /* Alert.swift in Sources */ = {isa = PBXBuildFile; fileRef = 96784975211774FA00467633 /* Alert.swift */; };
		9678497D211774FA00467633 /* Occurrence+CoreDataClass.swift in Sources */ = {isa = PBXBuildFile; fileRef = 96784976211774FA00467633 /* Occurrence+CoreDataClass.swift */; };
		9678497E211774FA00467633 /* OccurrenceEntry+CoreDataProperties.swift in Sources */ = {isa = PBXBuildFile; fileRef = 96784977211774FA00467633 /* OccurrenceEntry+CoreDataProperties.swift */; };
		9678497F211774FA00467633 /* Occurrence+CoreDataProperties.swift in Sources */ = {isa = PBXBuildFile; fileRef = 96784978211774FA00467633 /* Occurrence+CoreDataProperties.swift */; };
		96784980211774FA00467633 /* OccurrenceEntry+CoreDataClass.swift in Sources */ = {isa = PBXBuildFile; fileRef = 96784979211774FA00467633 /* OccurrenceEntry+CoreDataClass.swift */; };
		96784981211774FA00467633 /* Model.xcdatamodeld in Sources */ = {isa = PBXBuildFile; fileRef = 9678497A211774FA00467633 /* Model.xcdatamodeld */; };
		967849942117750000467633 /* LogOccurrenceBooleanEntryTableViewCell.swift in Sources */ = {isa = PBXBuildFile; fileRef = 967849832117750000467633 /* LogOccurrenceBooleanEntryTableViewCell.swift */; };
		967849952117750000467633 /* OccurrenceTableViewCell.swift in Sources */ = {isa = PBXBuildFile; fileRef = 967849842117750000467633 /* OccurrenceTableViewCell.swift */; };
		967849962117750000467633 /* LaunchScreen.storyboard in Resources */ = {isa = PBXBuildFile; fileRef = 967849852117750000467633 /* LaunchScreen.storyboard */; };
		967849972117750000467633 /* Main.storyboard in Resources */ = {isa = PBXBuildFile; fileRef = 967849872117750000467633 /* Main.storyboard */; };
		967849982117750000467633 /* LogOccurrenceStringEntryTableViewCell.swift in Sources */ = {isa = PBXBuildFile; fileRef = 967849892117750000467633 /* LogOccurrenceStringEntryTableViewCell.swift */; };
		967849992117750000467633 /* BooleanDataTableViewCell.swift in Sources */ = {isa = PBXBuildFile; fileRef = 9678498B2117750000467633 /* BooleanDataTableViewCell.swift */; };
		9678499A2117750000467633 /* StringDataTableViewCell.swift in Sources */ = {isa = PBXBuildFile; fileRef = 9678498C2117750000467633 /* StringDataTableViewCell.swift */; };
		9678499B2117750000467633 /* TrackedDataHeaderView.swift in Sources */ = {isa = PBXBuildFile; fileRef = 9678498D2117750000467633 /* TrackedDataHeaderView.swift */; };
		9678499C2117750000467633 /* DetailedOccurrenceTableViewCell.swift in Sources */ = {isa = PBXBuildFile; fileRef = 9678498F2117750000467633 /* DetailedOccurrenceTableViewCell.swift */; };
		9678499D2117750000467633 /* DetailedOccurrenceEntryHeaderView.swift in Sources */ = {isa = PBXBuildFile; fileRef = 967849902117750000467633 /* DetailedOccurrenceEntryHeaderView.swift */; };
		9678499E2117750000467633 /* EntryLocationTableViewCell.swift in Sources */ = {isa = PBXBuildFile; fileRef = 967849912117750000467633 /* EntryLocationTableViewCell.swift */; };
		9678499F2117750000467633 /* EntryTrackedDataTableViewCell.swift in Sources */ = {isa = PBXBuildFile; fileRef = 967849922117750000467633 /* EntryTrackedDataTableViewCell.swift */; };
		967849A02117750000467633 /* ShownChartDataTableViewCell.swift in Sources */ = {isa = PBXBuildFile; fileRef = 967849932117750000467633 /* ShownChartDataTableViewCell.swift */; };
		96D735BB211CD1F800620B54 /* AdContainerViewController.swift in Sources */ = {isa = PBXBuildFile; fileRef = 96D735BA211CD1F800620B54 /* AdContainerViewController.swift */; };
/* End PBXBuildFile section */

/* Begin PBXContainerItemProxy section */
		96195436211BB25D00BC8A3F /* PBXContainerItemProxy */ = {
			isa = PBXContainerItemProxy;
			containerPortal = 96195430211BB25D00BC8A3F /* ResearchKit.xcodeproj */;
			proxyType = 2;
			remoteGlobalIDString = B183A5951A8535D100C76870;
			remoteInfo = ResearchKit;
		};
		96195438211BB25D00BC8A3F /* PBXContainerItemProxy */ = {
			isa = PBXContainerItemProxy;
			containerPortal = 96195430211BB25D00BC8A3F /* ResearchKit.xcodeproj */;
			proxyType = 2;
			remoteGlobalIDString = 86CC8E9A1AC09332001CCD89;
			remoteInfo = ResearchKitTests;
		};
		9619543C211BB27D00BC8A3F /* PBXContainerItemProxy */ = {
			isa = PBXContainerItemProxy;
			containerPortal = 96195430211BB25D00BC8A3F /* ResearchKit.xcodeproj */;
			proxyType = 1;
			remoteGlobalIDString = B183A4731A8535D100C76870;
			remoteInfo = ResearchKit;
		};
/* End PBXContainerItemProxy section */

/* Begin PBXCopyFilesBuildPhase section */
		968A76F9211BAC110041E0A4 /* Embed Frameworks */ = {
			isa = PBXCopyFilesBuildPhase;
			buildActionMask = 2147483647;
			dstPath = "";
			dstSubfolderSpec = 10;
			files = (
				9619543B211BB27D00BC8A3F /* ResearchKit.framework in Embed Frameworks */,
			);
			name = "Embed Frameworks";
			runOnlyForDeploymentPostprocessing = 0;
		};
/* End PBXCopyFilesBuildPhase section */

/* Begin PBXFileReference section */
		9606D4C121177C4500876AA8 /* NSFetchedResultsControllerDelegateExtension.swift */ = {isa = PBXFileReference; lastKnownFileType = sourcecode.swift; path = NSFetchedResultsControllerDelegateExtension.swift; sourceTree = "<group>"; };
		9606D4C52118F5E600876AA8 /* StringExtension.swift */ = {isa = PBXFileReference; lastKnownFileType = sourcecode.swift; path = StringExtension.swift; sourceTree = "<group>"; };
		96195430211BB25D00BC8A3F /* ResearchKit.xcodeproj */ = {isa = PBXFileReference; lastKnownFileType = "wrapper.pb-project"; name = ResearchKit.xcodeproj; path = "../../../../ResearchKit-master/ResearchKit.xcodeproj"; sourceTree = "<group>"; };
		9619543E211BB38100BC8A3F /* GoogleMobileAds.framework */ = {isa = PBXFileReference; lastKnownFileType = wrapper.framework; path = GoogleMobileAds.framework; sourceTree = "<group>"; };
		96195442211CC82600BC8A3F /* GADBannerViewExtension.swift */ = {isa = PBXFileReference; lastKnownFileType = sourcecode.swift; path = GADBannerViewExtension.swift; sourceTree = "<group>"; };
		963BB55B211BA26500F11B07 /* AdMobInformation.swift */ = {isa = PBXFileReference; lastKnownFileType = sourcecode.swift; path = AdMobInformation.swift; sourceTree = "<group>"; };
		96784935211773CC00467633 /* Occurrence Tracker.app */ = {isa = PBXFileReference; explicitFileType = wrapper.application; includeInIndex = 0; path = "Occurrence Tracker.app"; sourceTree = BUILT_PRODUCTS_DIR; };
		96784951211774DC00467633 /* OccurrenceTableViewController.swift */ = {isa = PBXFileReference; fileEncoding = 4; lastKnownFileType = sourcecode.swift; path = OccurrenceTableViewController.swift; sourceTree = "<group>"; };
		96784953211774DC00467633 /* NewOccurrenceNameViewController.swift */ = {isa = PBXFileReference; fileEncoding = 4; lastKnownFileType = sourcecode.swift; path = NewOccurrenceNameViewController.swift; sourceTree = "<group>"; };
		96784954211774DC00467633 /* TrackedDataTableViewController.swift */ = {isa = PBXFileReference; fileEncoding = 4; lastKnownFileType = sourcecode.swift; path = TrackedDataTableViewController.swift; sourceTree = "<group>"; };
		96784955211774DC00467633 /* NewOccurrenceViewController.swift */ = {isa = PBXFileReference; fileEncoding = 4; lastKnownFileType = sourcecode.swift; path = NewOccurrenceViewController.swift; sourceTree = "<group>"; };
		96784956211774DC00467633 /* FinishNewOccurrenceViewController.swift */ = {isa = PBXFileReference; fileEncoding = 4; lastKnownFileType = sourcecode.swift; path = FinishNewOccurrenceViewController.swift; sourceTree = "<group>"; };
		96784958211774DC00467633 /* NewOccurrenceLocationViewController.swift */ = {isa = PBXFileReference; fileEncoding = 4; lastKnownFileType = sourcecode.swift; path = NewOccurrenceLocationViewController.swift; sourceTree = "<group>"; };
		96784959211774DC00467633 /* NewOccurrencePageViewController.swift */ = {isa = PBXFileReference; fileEncoding = 4; lastKnownFileType = sourcecode.swift; path = NewOccurrencePageViewController.swift; sourceTree = "<group>"; };
		9678495A211774DC00467633 /* LogOccurrenceEntryTableViewController.swift */ = {isa = PBXFileReference; fileEncoding = 4; lastKnownFileType = sourcecode.swift; path = LogOccurrenceEntryTableViewController.swift; sourceTree = "<group>"; };
		9678495C211774DC00467633 /* DetailedOccurrenceViewController.swift */ = {isa = PBXFileReference; fileEncoding = 4; lastKnownFileType = sourcecode.swift; path = DetailedOccurrenceViewController.swift; sourceTree = "<group>"; };
		9678495D211774DC00467633 /* DetailedOccurrenceChartViewController.swift */ = {isa = PBXFileReference; fileEncoding = 4; lastKnownFileType = sourcecode.swift; path = DetailedOccurrenceChartViewController.swift; sourceTree = "<group>"; };
		9678495E211774DC00467633 /* AllDataTableViewController.swift */ = {isa = PBXFileReference; fileEncoding = 4; lastKnownFileType = sourcecode.swift; path = AllDataTableViewController.swift; sourceTree = "<group>"; };
		9678495F211774DC00467633 /* DetailedOccurrenceEntryTableViewController.swift */ = {isa = PBXFileReference; fileEncoding = 4; lastKnownFileType = sourcecode.swift; path = DetailedOccurrenceEntryTableViewController.swift; sourceTree = "<group>"; };
		9678496E211774EC00467633 /* AppDelegate.swift */ = {isa = PBXFileReference; fileEncoding = 4; lastKnownFileType = sourcecode.swift; path = AppDelegate.swift; sourceTree = "<group>"; };
		9678496F211774EC00467633 /* MyProtocols.swift */ = {isa = PBXFileReference; fileEncoding = 4; lastKnownFileType = sourcecode.swift; path = MyProtocols.swift; sourceTree = "<group>"; };
		96784970211774EC00467633 /* DateExtension.swift */ = {isa = PBXFileReference; fileEncoding = 4; lastKnownFileType = sourcecode.swift; path = DateExtension.swift; sourceTree = "<group>"; };
		96784975211774FA00467633 /* Alert.swift */ = {isa = PBXFileReference; fileEncoding = 4; lastKnownFileType = sourcecode.swift; path = Alert.swift; sourceTree = "<group>"; };
		96784976211774FA00467633 /* Occurrence+CoreDataClass.swift */ = {isa = PBXFileReference; fileEncoding = 4; lastKnownFileType = sourcecode.swift; path = "Occurrence+CoreDataClass.swift"; sourceTree = "<group>"; };
		96784977211774FA00467633 /* OccurrenceEntry+CoreDataProperties.swift */ = {isa = PBXFileReference; fileEncoding = 4; lastKnownFileType = sourcecode.swift; path = "OccurrenceEntry+CoreDataProperties.swift"; sourceTree = "<group>"; };
		96784978211774FA00467633 /* Occurrence+CoreDataProperties.swift */ = {isa = PBXFileReference; fileEncoding = 4; lastKnownFileType = sourcecode.swift; path = "Occurrence+CoreDataProperties.swift"; sourceTree = "<group>"; };
		96784979211774FA00467633 /* OccurrenceEntry+CoreDataClass.swift */ = {isa = PBXFileReference; fileEncoding = 4; lastKnownFileType = sourcecode.swift; path = "OccurrenceEntry+CoreDataClass.swift"; sourceTree = "<group>"; };
		9678497B211774FA00467633 /* Model.xcdatamodel */ = {isa = PBXFileReference; lastKnownFileType = wrapper.xcdatamodel; path = Model.xcdatamodel; sourceTree = "<group>"; };
		967849832117750000467633 /* LogOccurrenceBooleanEntryTableViewCell.swift */ = {isa = PBXFileReference; fileEncoding = 4; lastKnownFileType = sourcecode.swift; path = LogOccurrenceBooleanEntryTableViewCell.swift; sourceTree = "<group>"; };
		967849842117750000467633 /* OccurrenceTableViewCell.swift */ = {isa = PBXFileReference; fileEncoding = 4; lastKnownFileType = sourcecode.swift; path = OccurrenceTableViewCell.swift; sourceTree = "<group>"; };
		967849862117750000467633 /* Base */ = {isa = PBXFileReference; lastKnownFileType = file.storyboard; name = Base; path = Base.lproj/LaunchScreen.storyboard; sourceTree = "<group>"; };
		967849882117750000467633 /* Base */ = {isa = PBXFileReference; lastKnownFileType = file.storyboard; name = Base; path = Base.lproj/Main.storyboard; sourceTree = "<group>"; };
		967849892117750000467633 /* LogOccurrenceStringEntryTableViewCell.swift */ = {isa = PBXFileReference; fileEncoding = 4; lastKnownFileType = sourcecode.swift; path = LogOccurrenceStringEntryTableViewCell.swift; sourceTree = "<group>"; };
		9678498B2117750000467633 /* BooleanDataTableViewCell.swift */ = {isa = PBXFileReference; fileEncoding = 4; lastKnownFileType = sourcecode.swift; path = BooleanDataTableViewCell.swift; sourceTree = "<group>"; };
		9678498C2117750000467633 /* StringDataTableViewCell.swift */ = {isa = PBXFileReference; fileEncoding = 4; lastKnownFileType = sourcecode.swift; path = StringDataTableViewCell.swift; sourceTree = "<group>"; };
		9678498D2117750000467633 /* TrackedDataHeaderView.swift */ = {isa = PBXFileReference; fileEncoding = 4; lastKnownFileType = sourcecode.swift; path = TrackedDataHeaderView.swift; sourceTree = "<group>"; };
		9678498F2117750000467633 /* DetailedOccurrenceTableViewCell.swift */ = {isa = PBXFileReference; fileEncoding = 4; lastKnownFileType = sourcecode.swift; path = DetailedOccurrenceTableViewCell.swift; sourceTree = "<group>"; };
		967849902117750000467633 /* DetailedOccurrenceEntryHeaderView.swift */ = {isa = PBXFileReference; fileEncoding = 4; lastKnownFileType = sourcecode.swift; path = DetailedOccurrenceEntryHeaderView.swift; sourceTree = "<group>"; };
		967849912117750000467633 /* EntryLocationTableViewCell.swift */ = {isa = PBXFileReference; fileEncoding = 4; lastKnownFileType = sourcecode.swift; path = EntryLocationTableViewCell.swift; sourceTree = "<group>"; };
		967849922117750000467633 /* EntryTrackedDataTableViewCell.swift */ = {isa = PBXFileReference; fileEncoding = 4; lastKnownFileType = sourcecode.swift; path = EntryTrackedDataTableViewCell.swift; sourceTree = "<group>"; };
		967849932117750000467633 /* ShownChartDataTableViewCell.swift */ = {isa = PBXFileReference; fileEncoding = 4; lastKnownFileType = sourcecode.swift; path = ShownChartDataTableViewCell.swift; sourceTree = "<group>"; };
		96CD7EF6211BAD6800C93746 /* Info.plist */ = {isa = PBXFileReference; fileEncoding = 4; lastKnownFileType = text.plist.xml; path = Info.plist; sourceTree = SOURCE_ROOT; };
		96D735BA211CD1F800620B54 /* AdContainerViewController.swift */ = {isa = PBXFileReference; lastKnownFileType = sourcecode.swift; path = AdContainerViewController.swift; sourceTree = "<group>"; };
/* End PBXFileReference section */

/* Begin PBXFrameworksBuildPhase section */
		96784932211773CC00467633 /* Frameworks */ = {
			isa = PBXFrameworksBuildPhase;
			buildActionMask = 2147483647;
			files = (
				9619543F211BB38100BC8A3F /* GoogleMobileAds.framework in Frameworks */,
				9619543A211BB27D00BC8A3F /* ResearchKit.framework in Frameworks */,
			);
			runOnlyForDeploymentPostprocessing = 0;
		};
/* End PBXFrameworksBuildPhase section */

/* Begin PBXGroup section */
		96195431211BB25D00BC8A3F /* Products */ = {
			isa = PBXGroup;
			children = (
				96195437211BB25D00BC8A3F /* ResearchKit.framework */,
				96195439211BB25D00BC8A3F /* ResearchKitTests.xctest */,
			);
			name = Products;
			sourceTree = "<group>";
		};
		963BB55F211BA42E00F11B07 /* Frameworks */ = {
			isa = PBXGroup;
			children = (
				9619543E211BB38100BC8A3F /* GoogleMobileAds.framework */,
				96195430211BB25D00BC8A3F /* ResearchKit.xcodeproj */,
			);
			path = Frameworks;
			sourceTree = "<group>";
		};
		9678492C211773CC00467633 = {
			isa = PBXGroup;
			children = (
				96784937211773CC00467633 /* Occurrence Tracker */,
				96784936211773CC00467633 /* Products */,
				963BB55F211BA42E00F11B07 /* Frameworks */,
			);
			sourceTree = "<group>";
		};
		96784936211773CC00467633 /* Products */ = {
			isa = PBXGroup;
			children = (
				96784935211773CC00467633 /* Occurrence Tracker.app */,
			);
			name = Products;
			sourceTree = "<group>";
		};
		96784937211773CC00467633 /* Occurrence Tracker */ = {
			isa = PBXGroup;
			children = (
				96784974211774FA00467633 /* Models */,
				967849822117750000467633 /* Views */,
				96784950211774DC00467633 /* Controllers */,
				9678496D211774EC00467633 /* Helpers */,
			);
			path = "Occurrence Tracker";
			sourceTree = "<group>";
		};
		96784950211774DC00467633 /* Controllers */ = {
			isa = PBXGroup;
			children = (
				96D735BA211CD1F800620B54 /* AdContainerViewController.swift */,
				96784951211774DC00467633 /* OccurrenceTableViewController.swift */,
				96784952211774DC00467633 /* New Occurrence */,
				9678495B211774DC00467633 /* Detailed Occurrence */,
				9678495A211774DC00467633 /* LogOccurrenceEntryTableViewController.swift */,
			);
			path = Controllers;
			sourceTree = "<group>";
		};
		96784952211774DC00467633 /* New Occurrence */ = {
			isa = PBXGroup;
			children = (
				96784955211774DC00467633 /* NewOccurrenceViewController.swift */,
				96784959211774DC00467633 /* NewOccurrencePageViewController.swift */,
				96784953211774DC00467633 /* NewOccurrenceNameViewController.swift */,
				96784954211774DC00467633 /* TrackedDataTableViewController.swift */,
				96784958211774DC00467633 /* NewOccurrenceLocationViewController.swift */,
				96784956211774DC00467633 /* FinishNewOccurrenceViewController.swift */,
			);
			path = "New Occurrence";
			sourceTree = "<group>";
		};
		9678495B211774DC00467633 /* Detailed Occurrence */ = {
			isa = PBXGroup;
			children = (
				9678495C211774DC00467633 /* DetailedOccurrenceViewController.swift */,
				9678495D211774DC00467633 /* DetailedOccurrenceChartViewController.swift */,
				9678495E211774DC00467633 /* AllDataTableViewController.swift */,
				9678495F211774DC00467633 /* DetailedOccurrenceEntryTableViewController.swift */,
			);
			path = "Detailed Occurrence";
			sourceTree = "<group>";
		};
		9678496D211774EC00467633 /* Helpers */ = {
			isa = PBXGroup;
			children = (
				96CD7EF6211BAD6800C93746 /* Info.plist */,
				9678496E211774EC00467633 /* AppDelegate.swift */,
				9678496F211774EC00467633 /* MyProtocols.swift */,
				96784970211774EC00467633 /* DateExtension.swift */,
				9606D4C121177C4500876AA8 /* NSFetchedResultsControllerDelegateExtension.swift */,
				9606D4C52118F5E600876AA8 /* StringExtension.swift */,
				96195442211CC82600BC8A3F /* GADBannerViewExtension.swift */,
				963BB55B211BA26500F11B07 /* AdMobInformation.swift */,
			);
			path = Helpers;
			sourceTree = "<group>";
		};
		96784974211774FA00467633 /* Models */ = {
			isa = PBXGroup;
			children = (
				96784976211774FA00467633 /* Occurrence+CoreDataClass.swift */,
				96784978211774FA00467633 /* Occurrence+CoreDataProperties.swift */,
				96784979211774FA00467633 /* OccurrenceEntry+CoreDataClass.swift */,
				96784977211774FA00467633 /* OccurrenceEntry+CoreDataProperties.swift */,
				9678497A211774FA00467633 /* Model.xcdatamodeld */,
				96784975211774FA00467633 /* Alert.swift */,
			);
			path = Models;
			sourceTree = "<group>";
		};
		967849822117750000467633 /* Views */ = {
			isa = PBXGroup;
			children = (
				967849852117750000467633 /* LaunchScreen.storyboard */,
				967849872117750000467633 /* Main.storyboard */,
				967849842117750000467633 /* OccurrenceTableViewCell.swift */,
				967849892117750000467633 /* LogOccurrenceStringEntryTableViewCell.swift */,
				967849832117750000467633 /* LogOccurrenceBooleanEntryTableViewCell.swift */,
				9678498A2117750000467633 /* New Occurrence */,
				9678498E2117750000467633 /* Detailed Occurrence */,
			);
			path = Views;
			sourceTree = "<group>";
		};
		9678498A2117750000467633 /* New Occurrence */ = {
			isa = PBXGroup;
			children = (
				9678498B2117750000467633 /* BooleanDataTableViewCell.swift */,
				9678498C2117750000467633 /* StringDataTableViewCell.swift */,
				9678498D2117750000467633 /* TrackedDataHeaderView.swift */,
			);
			path = "New Occurrence";
			sourceTree = "<group>";
		};
		9678498E2117750000467633 /* Detailed Occurrence */ = {
			isa = PBXGroup;
			children = (
				9678498F2117750000467633 /* DetailedOccurrenceTableViewCell.swift */,
				967849902117750000467633 /* DetailedOccurrenceEntryHeaderView.swift */,
				967849912117750000467633 /* EntryLocationTableViewCell.swift */,
				967849922117750000467633 /* EntryTrackedDataTableViewCell.swift */,
				967849932117750000467633 /* ShownChartDataTableViewCell.swift */,
			);
			path = "Detailed Occurrence";
			sourceTree = "<group>";
		};
/* End PBXGroup section */

/* Begin PBXNativeTarget section */
		96784934211773CC00467633 /* Occurrence Tracker */ = {
			isa = PBXNativeTarget;
			buildConfigurationList = 9678494A211773CD00467633 /* Build configuration list for PBXNativeTarget "Occurrence Tracker" */;
			buildPhases = (
				96784931211773CC00467633 /* Sources */,
				96784932211773CC00467633 /* Frameworks */,
				96784933211773CC00467633 /* Resources */,
				968A76F9211BAC110041E0A4 /* Embed Frameworks */,
			);
			buildRules = (
			);
			dependencies = (
				9619543D211BB27D00BC8A3F /* PBXTargetDependency */,
			);
			name = "Occurrence Tracker";
			productName = "Occurrence Tracker";
			productReference = 96784935211773CC00467633 /* Occurrence Tracker.app */;
			productType = "com.apple.product-type.application";
		};
/* End PBXNativeTarget section */

/* Begin PBXProject section */
		9678492D211773CC00467633 /* Project object */ = {
			isa = PBXProject;
			attributes = {
				LastSwiftUpdateCheck = 0940;
				LastUpgradeCheck = 0940;
				ORGANIZATIONNAME = "Jason Hough";
				TargetAttributes = {
					96784934211773CC00467633 = {
						CreatedOnToolsVersion = 9.4.1;
					};
				};
			};
			buildConfigurationList = 96784930211773CC00467633 /* Build configuration list for PBXProject "Occurrence Tracker" */;
			compatibilityVersion = "Xcode 9.3";
			developmentRegion = en;
			hasScannedForEncodings = 0;
			knownRegions = (
				en,
				Base,
			);
			mainGroup = 9678492C211773CC00467633;
			productRefGroup = 96784936211773CC00467633 /* Products */;
			projectDirPath = "";
			projectReferences = (
				{
					ProductGroup = 96195431211BB25D00BC8A3F /* Products */;
					ProjectRef = 96195430211BB25D00BC8A3F /* ResearchKit.xcodeproj */;
				},
			);
			projectRoot = "";
			targets = (
				96784934211773CC00467633 /* Occurrence Tracker */,
			);
		};
/* End PBXProject section */

/* Begin PBXReferenceProxy section */
		96195437211BB25D00BC8A3F /* ResearchKit.framework */ = {
			isa = PBXReferenceProxy;
			fileType = wrapper.framework;
			path = ResearchKit.framework;
			remoteRef = 96195436211BB25D00BC8A3F /* PBXContainerItemProxy */;
			sourceTree = BUILT_PRODUCTS_DIR;
		};
		96195439211BB25D00BC8A3F /* ResearchKitTests.xctest */ = {
			isa = PBXReferenceProxy;
			fileType = wrapper.cfbundle;
			path = ResearchKitTests.xctest;
			remoteRef = 96195438211BB25D00BC8A3F /* PBXContainerItemProxy */;
			sourceTree = BUILT_PRODUCTS_DIR;
		};
/* End PBXReferenceProxy section */

/* Begin PBXResourcesBuildPhase section */
		96784933211773CC00467633 /* Resources */ = {
			isa = PBXResourcesBuildPhase;
			buildActionMask = 2147483647;
			files = (
				967849972117750000467633 /* Main.storyboard in Resources */,
				967849962117750000467633 /* LaunchScreen.storyboard in Resources */,
			);
			runOnlyForDeploymentPostprocessing = 0;
		};
/* End PBXResourcesBuildPhase section */

/* Begin PBXSourcesBuildPhase section */
		96784931211773CC00467633 /* Sources */ = {
			isa = PBXSourcesBuildPhase;
			buildActionMask = 2147483647;
			files = (
				9678499A2117750000467633 /* StringDataTableViewCell.swift in Sources */,
				96784962211774DC00467633 /* TrackedDataTableViewController.swift in Sources */,
				9678496A211774DC00467633 /* DetailedOccurrenceChartViewController.swift in Sources */,
				9678497D211774FA00467633 /* Occurrence+CoreDataClass.swift in Sources */,
				96784961211774DC00467633 /* NewOccurrenceNameViewController.swift in Sources */,
				96784980211774FA00467633 /* OccurrenceEntry+CoreDataClass.swift in Sources */,
				963BB55C211BA26500F11B07 /* AdMobInformation.swift in Sources */,
				96D735BB211CD1F800620B54 /* AdContainerViewController.swift in Sources */,
				967849992117750000467633 /* BooleanDataTableViewCell.swift in Sources */,
				96195443211CC82600BC8A3F /* GADBannerViewExtension.swift in Sources */,
				9678499E2117750000467633 /* EntryLocationTableViewCell.swift in Sources */,
				9678499C2117750000467633 /* DetailedOccurrenceTableViewCell.swift in Sources */,
				9678497F211774FA00467633 /* Occurrence+CoreDataProperties.swift in Sources */,
				9678497E211774FA00467633 /* OccurrenceEntry+CoreDataProperties.swift in Sources */,
				96784963211774DC00467633 /* NewOccurrenceViewController.swift in Sources */,
				9678499F2117750000467633 /* EntryTrackedDataTableViewCell.swift in Sources */,
				9678499B2117750000467633 /* TrackedDataHeaderView.swift in Sources */,
				967849942117750000467633 /* LogOccurrenceBooleanEntryTableViewCell.swift in Sources */,
				96784968211774DC00467633 /* LogOccurrenceEntryTableViewController.swift in Sources */,
				96784964211774DC00467633 /* FinishNewOccurrenceViewController.swift in Sources */,
				9606D4C221177C4500876AA8 /* NSFetchedResultsControllerDelegateExtension.swift in Sources */,
				9678496C211774DC00467633 /* DetailedOccurrenceEntryTableViewController.swift in Sources */,
				96784966211774DC00467633 /* NewOccurrenceLocationViewController.swift in Sources */,
				96784972211774EC00467633 /* MyProtocols.swift in Sources */,
				9606D4C62118F5E600876AA8 /* StringExtension.swift in Sources */,
				96784960211774DC00467633 /* OccurrenceTableViewController.swift in Sources */,
				967849952117750000467633 /* OccurrenceTableViewCell.swift in Sources */,
				96784967211774DC00467633 /* NewOccurrencePageViewController.swift in Sources */,
				967849A02117750000467633 /* ShownChartDataTableViewCell.swift in Sources */,
				9678496B211774DC00467633 /* AllDataTableViewController.swift in Sources */,
				96784971211774EC00467633 /* AppDelegate.swift in Sources */,
				96784973211774EC00467633 /* DateExtension.swift in Sources */,
				96784981211774FA00467633 /* Model.xcdatamodeld in Sources */,
				967849982117750000467633 /* LogOccurrenceStringEntryTableViewCell.swift in Sources */,
				9678497C211774FA00467633 /* Alert.swift in Sources */,
				9678499D2117750000467633 /* DetailedOccurrenceEntryHeaderView.swift in Sources */,
				96784969211774DC00467633 /* DetailedOccurrenceViewController.swift in Sources */,
			);
			runOnlyForDeploymentPostprocessing = 0;
		};
/* End PBXSourcesBuildPhase section */

/* Begin PBXTargetDependency section */
		9619543D211BB27D00BC8A3F /* PBXTargetDependency */ = {
			isa = PBXTargetDependency;
			name = ResearchKit;
			targetProxy = 9619543C211BB27D00BC8A3F /* PBXContainerItemProxy */;
		};
/* End PBXTargetDependency section */

/* Begin PBXVariantGroup section */
		967849852117750000467633 /* LaunchScreen.storyboard */ = {
			isa = PBXVariantGroup;
			children = (
				967849862117750000467633 /* Base */,
			);
			name = LaunchScreen.storyboard;
			sourceTree = "<group>";
		};
		967849872117750000467633 /* Main.storyboard */ = {
			isa = PBXVariantGroup;
			children = (
				967849882117750000467633 /* Base */,
			);
			name = Main.storyboard;
			sourceTree = "<group>";
		};
/* End PBXVariantGroup section */

/* Begin XCBuildConfiguration section */
		96784948211773CD00467633 /* Debug */ = {
			isa = XCBuildConfiguration;
			buildSettings = {
				ALWAYS_SEARCH_USER_PATHS = NO;
				CLANG_ANALYZER_NONNULL = YES;
				CLANG_ANALYZER_NUMBER_OBJECT_CONVERSION = YES_AGGRESSIVE;
				CLANG_CXX_LANGUAGE_STANDARD = "gnu++14";
				CLANG_CXX_LIBRARY = "libc++";
				CLANG_ENABLE_MODULES = YES;
				CLANG_ENABLE_OBJC_ARC = YES;
				CLANG_ENABLE_OBJC_WEAK = YES;
				CLANG_WARN_BLOCK_CAPTURE_AUTORELEASING = YES;
				CLANG_WARN_BOOL_CONVERSION = YES;
				CLANG_WARN_COMMA = YES;
				CLANG_WARN_CONSTANT_CONVERSION = YES;
				CLANG_WARN_DEPRECATED_OBJC_IMPLEMENTATIONS = YES;
				CLANG_WARN_DIRECT_OBJC_ISA_USAGE = YES_ERROR;
				CLANG_WARN_DOCUMENTATION_COMMENTS = YES;
				CLANG_WARN_EMPTY_BODY = YES;
				CLANG_WARN_ENUM_CONVERSION = YES;
				CLANG_WARN_INFINITE_RECURSION = YES;
				CLANG_WARN_INT_CONVERSION = YES;
				CLANG_WARN_NON_LITERAL_NULL_CONVERSION = YES;
				CLANG_WARN_OBJC_IMPLICIT_RETAIN_SELF = YES;
				CLANG_WARN_OBJC_LITERAL_CONVERSION = YES;
				CLANG_WARN_OBJC_ROOT_CLASS = YES_ERROR;
				CLANG_WARN_RANGE_LOOP_ANALYSIS = YES;
				CLANG_WARN_STRICT_PROTOTYPES = YES;
				CLANG_WARN_SUSPICIOUS_MOVE = YES;
				CLANG_WARN_UNGUARDED_AVAILABILITY = YES_AGGRESSIVE;
				CLANG_WARN_UNREACHABLE_CODE = YES;
				CLANG_WARN__DUPLICATE_METHOD_MATCH = YES;
				CODE_SIGN_IDENTITY = "iPhone Developer";
				COPY_PHASE_STRIP = NO;
				DEBUG_INFORMATION_FORMAT = dwarf;
				ENABLE_STRICT_OBJC_MSGSEND = YES;
				ENABLE_TESTABILITY = YES;
				GCC_C_LANGUAGE_STANDARD = gnu11;
				GCC_DYNAMIC_NO_PIC = NO;
				GCC_NO_COMMON_BLOCKS = YES;
				GCC_OPTIMIZATION_LEVEL = 0;
				GCC_PREPROCESSOR_DEFINITIONS = (
					"DEBUG=1",
					"$(inherited)",
				);
				GCC_WARN_64_TO_32_BIT_CONVERSION = YES;
				GCC_WARN_ABOUT_RETURN_TYPE = YES_ERROR;
				GCC_WARN_UNDECLARED_SELECTOR = YES;
				GCC_WARN_UNINITIALIZED_AUTOS = YES_AGGRESSIVE;
				GCC_WARN_UNUSED_FUNCTION = YES;
				GCC_WARN_UNUSED_VARIABLE = YES;
				IPHONEOS_DEPLOYMENT_TARGET = 11.4;
				MTL_ENABLE_DEBUG_INFO = YES;
				ONLY_ACTIVE_ARCH = YES;
				SDKROOT = iphoneos;
				SWIFT_ACTIVE_COMPILATION_CONDITIONS = DEBUG;
				SWIFT_OPTIMIZATION_LEVEL = "-Onone";
			};
			name = Debug;
		};
		96784949211773CD00467633 /* Release */ = {
			isa = XCBuildConfiguration;
			buildSettings = {
				ALWAYS_SEARCH_USER_PATHS = NO;
				CLANG_ANALYZER_NONNULL = YES;
				CLANG_ANALYZER_NUMBER_OBJECT_CONVERSION = YES_AGGRESSIVE;
				CLANG_CXX_LANGUAGE_STANDARD = "gnu++14";
				CLANG_CXX_LIBRARY = "libc++";
				CLANG_ENABLE_MODULES = YES;
				CLANG_ENABLE_OBJC_ARC = YES;
				CLANG_ENABLE_OBJC_WEAK = YES;
				CLANG_WARN_BLOCK_CAPTURE_AUTORELEASING = YES;
				CLANG_WARN_BOOL_CONVERSION = YES;
				CLANG_WARN_COMMA = YES;
				CLANG_WARN_CONSTANT_CONVERSION = YES;
				CLANG_WARN_DEPRECATED_OBJC_IMPLEMENTATIONS = YES;
				CLANG_WARN_DIRECT_OBJC_ISA_USAGE = YES_ERROR;
				CLANG_WARN_DOCUMENTATION_COMMENTS = YES;
				CLANG_WARN_EMPTY_BODY = YES;
				CLANG_WARN_ENUM_CONVERSION = YES;
				CLANG_WARN_INFINITE_RECURSION = YES;
				CLANG_WARN_INT_CONVERSION = YES;
				CLANG_WARN_NON_LITERAL_NULL_CONVERSION = YES;
				CLANG_WARN_OBJC_IMPLICIT_RETAIN_SELF = YES;
				CLANG_WARN_OBJC_LITERAL_CONVERSION = YES;
				CLANG_WARN_OBJC_ROOT_CLASS = YES_ERROR;
				CLANG_WARN_RANGE_LOOP_ANALYSIS = YES;
				CLANG_WARN_STRICT_PROTOTYPES = YES;
				CLANG_WARN_SUSPICIOUS_MOVE = YES;
				CLANG_WARN_UNGUARDED_AVAILABILITY = YES_AGGRESSIVE;
				CLANG_WARN_UNREACHABLE_CODE = YES;
				CLANG_WARN__DUPLICATE_METHOD_MATCH = YES;
				CODE_SIGN_IDENTITY = "iPhone Developer";
				COPY_PHASE_STRIP = NO;
				DEBUG_INFORMATION_FORMAT = "dwarf-with-dsym";
				ENABLE_NS_ASSERTIONS = NO;
				ENABLE_STRICT_OBJC_MSGSEND = YES;
				GCC_C_LANGUAGE_STANDARD = gnu11;
				GCC_NO_COMMON_BLOCKS = YES;
				GCC_WARN_64_TO_32_BIT_CONVERSION = YES;
				GCC_WARN_ABOUT_RETURN_TYPE = YES_ERROR;
				GCC_WARN_UNDECLARED_SELECTOR = YES;
				GCC_WARN_UNINITIALIZED_AUTOS = YES_AGGRESSIVE;
				GCC_WARN_UNUSED_FUNCTION = YES;
				GCC_WARN_UNUSED_VARIABLE = YES;
				IPHONEOS_DEPLOYMENT_TARGET = 11.4;
				MTL_ENABLE_DEBUG_INFO = NO;
				SDKROOT = iphoneos;
				SWIFT_COMPILATION_MODE = wholemodule;
				SWIFT_OPTIMIZATION_LEVEL = "-O";
				VALIDATE_PRODUCT = YES;
			};
			name = Release;
		};
		9678494B211773CD00467633 /* Debug */ = {
			isa = XCBuildConfiguration;
			buildSettings = {
				ALWAYS_EMBED_SWIFT_STANDARD_LIBRARIES = YES;
				ASSETCATALOG_COMPILER_APPICON_NAME = AppIcon;
				ASSETCATALOG_COMPILER_LAUNCHIMAGE_NAME = LaunchImage;
				CODE_SIGN_STYLE = Automatic;
				DEVELOPMENT_TEAM = 5DM46G37QA;
				FRAMEWORK_SEARCH_PATHS = (
					"$(inherited)",
					"$(PROJECT_DIR)/Occurrence\\ Tracker",
					"$(PROJECT_DIR)/Frameworks",
				);
				INFOPLIST_FILE = "$(SRCROOT)/Info.plist";
				IPHONEOS_DEPLOYMENT_TARGET = 11.4;
				LD_RUNPATH_SEARCH_PATHS = (
					"$(inherited)",
					"@executable_path/Frameworks",
				);
				PRODUCT_BUNDLE_IDENTIFIER = "com.JasonHough.Occurrence-Tracker";
				PRODUCT_NAME = "$(TARGET_NAME)";
				SWIFT_VERSION = 4.0;
				TARGETED_DEVICE_FAMILY = "1,2";
			};
			name = Debug;
		};
		9678494C211773CD00467633 /* Release */ = {
			isa = XCBuildConfiguration;
			buildSettings = {
				ALWAYS_EMBED_SWIFT_STANDARD_LIBRARIES = YES;
				ASSETCATALOG_COMPILER_APPICON_NAME = AppIcon;
				ASSETCATALOG_COMPILER_LAUNCHIMAGE_NAME = LaunchImage;
				CODE_SIGN_STYLE = Automatic;
				DEVELOPMENT_TEAM = 5DM46G37QA;
				FRAMEWORK_SEARCH_PATHS = (
					"$(inherited)",
					"$(PROJECT_DIR)/Occurrence\\ Tracker",
					"$(PROJECT_DIR)/Frameworks",
				);
				INFOPLIST_FILE = "$(SRCROOT)/Info.plist";
				IPHONEOS_DEPLOYMENT_TARGET = 11.4;
				LD_RUNPATH_SEARCH_PATHS = (
					"$(inherited)",
					"@executable_path/Frameworks",
				);
				PRODUCT_BUNDLE_IDENTIFIER = "com.JasonHough.Occurrence-Tracker";
				PRODUCT_NAME = "$(TARGET_NAME)";
				SWIFT_VERSION = 4.0;
				TARGETED_DEVICE_FAMILY = "1,2";
			};
			name = Release;
		};
/* End XCBuildConfiguration section */

/* Begin XCConfigurationList section */
		96784930211773CC00467633 /* Build configuration list for PBXProject "Occurrence Tracker" */ = {
			isa = XCConfigurationList;
			buildConfigurations = (
				96784948211773CD00467633 /* Debug */,
				96784949211773CD00467633 /* Release */,
			);
			defaultConfigurationIsVisible = 0;
			defaultConfigurationName = Release;
		};
		9678494A211773CD00467633 /* Build configuration list for PBXNativeTarget "Occurrence Tracker" */ = {
			isa = XCConfigurationList;
			buildConfigurations = (
				9678494B211773CD00467633 /* Debug */,
				9678494C211773CD00467633 /* Release */,
			);
			defaultConfigurationIsVisible = 0;
			defaultConfigurationName = Release;
		};
/* End XCConfigurationList section */

/* Begin XCVersionGroup section */
		9678497A211774FA00467633 /* Model.xcdatamodeld */ = {
			isa = XCVersionGroup;
			children = (
				9678497B211774FA00467633 /* Model.xcdatamodel */,
			);
			currentVersion = 9678497B211774FA00467633 /* Model.xcdatamodel */;
			path = Model.xcdatamodeld;
			sourceTree = "<group>";
			versionGroupType = wrapper.xcdatamodel;
		};
/* End XCVersionGroup section */
	};
	rootObject = 9678492D211773CC00467633 /* Project object */;
}
